
Microsoft Visual Studio Solution File, Format Version 12.00
# Visual Studio 15
VisualStudioVersion = 15.0.26730.16
MinimumVisualStudioVersion = 10.0.40219.1
Project("{FAE04EC0-301F-11D3-BF4B-00C04F79EFBC}") = "ValTechHomePage.Test", "ValTechHomePage.Test\ValTechHomePage.Test.csproj", "{AACB3725-2BCA-4D74-AFFD-BF7DCDD28C99}"
EndProject
Global
	GlobalSection(SolutionConfigurationPlatforms) = preSolution
		Debug|Any CPU = Debug|Any CPU
		Release|Any CPU = Release|Any CPU
	EndGlobalSection
	GlobalSection(ProjectConfigurationPlatforms) = postSolution
		{AACB3725-2BCA-4D74-AFFD-BF7DCDD28C99}.Debug|Any CPU.ActiveCfg = Debug|Any CPU
		{AACB3725-2BCA-4D74-AFFD-BF7DCDD28C99}.Debug|Any CPU.Build.0 = Debug|Any CPU
		{AACB3725-2BCA-4D74-AFFD-BF7DCDD28C99}.Release|Any CPU.ActiveCfg = Release|Any CPU
		{AACB3725-2BCA-4D74-AFFD-BF7DCDD28C99}.Release|Any CPU.Build.0 = Release|Any CPU
	EndGlobalSection
	GlobalSection(SolutionProperties) = preSolution
		HideSolutionNode = FALSE
	EndGlobalSection
	GlobalSection(ExtensibilityGlobals) = postSolution
		SolutionGuid = {FA7BB20B-7A6A-489A-AD2A-5BBE37DC633C}
	EndGlobalSection
EndGlobal
